
Microsoft Visual Studio Solution File, Format Version 12.00
# Visual Studio Version 16
VisualStudioVersion = 16.0.30204.135
MinimumVisualStudioVersion = 10.0.40219.1
Project("{FAE04EC0-301F-11D3-BF4B-00C04F79EFBC}") = "CarModelSdk_NetCore", "CarModelSdk_NetCore.csproj", "{DEC78A71-FCAC-4182-A585-9FE41BDA1812}"
EndProject
Global
	GlobalSection(SolutionConfigurationPlatforms) = preSolution
		Debug|Any CPU = Debug|Any CPU
		Release|Any CPU = Release|Any CPU
	EndGlobalSection
	GlobalSection(ProjectConfigurationPlatforms) = postSolution
		{DEC78A71-FCAC-4182-A585-9FE41BDA1812}.Debug|Any CPU.ActiveCfg = Debug|Any CPU
		{DEC78A71-FCAC-4182-A585-9FE41BDA1812}.Debug|Any CPU.Build.0 = Debug|Any CPU
		{DEC78A71-FCAC-4182-A585-9FE41BDA1812}.Release|Any CPU.ActiveCfg = Release|Any CPU
		{DEC78A71-FCAC-4182-A585-9FE41BDA1812}.Release|Any CPU.Build.0 = Release|Any CPU
	EndGlobalSection
	GlobalSection(SolutionProperties) = preSolution
		HideSolutionNode = FALSE
	EndGlobalSection
	GlobalSection(ExtensibilityGlobals) = postSolution
		SolutionGuid = {74AE7DD1-DD15-4F7A-8BBF-D56C3EFED070}
	EndGlobalSection
EndGlobal
